// !$*UTF8*$!
{
	archiveVersion = 1;
	classes = {
	};
	objectVersion = 46;
	objects = {

/* Begin PBXBuildFile section */
		E50EF8A71DBEE88B0084BAB9 /* main.m in Sources */ = {isa = PBXBuildFile; fileRef = E50EF8A61DBEE88B0084BAB9 /* main.m */; };
		E50EF8AA1DBEE88B0084BAB9 /* AppDelegate.m in Sources */ = {isa = PBXBuildFile; fileRef = E50EF8A91DBEE88B0084BAB9 /* AppDelegate.m */; };
		E50EF8AD1DBEE88B0084BAB9 /* ViewController.m in Sources */ = {isa = PBXBuildFile; fileRef = E50EF8AC1DBEE88B0084BAB9 /* ViewController.m */; };
		E50EF8B01DBEE88B0084BAB9 /* Main.storyboard in Resources */ = {isa = PBXBuildFile; fileRef = E50EF8AE1DBEE88B0084BAB9 /* Main.storyboard */; };
		E50EF8B21DBEE88B0084BAB9 /* Assets.xcassets in Resources */ = {isa = PBXBuildFile; fileRef = E50EF8B11DBEE88B0084BAB9 /* Assets.xcassets */; };
		E50EF8B51DBEE88B0084BAB9 /* LaunchScreen.storyboard in Resources */ = {isa = PBXBuildFile; fileRef = E50EF8B31DBEE88B0084BAB9 /* LaunchScreen.storyboard */; };
/* End PBXBuildFile section */

/* Begin PBXFileReference section */
		E50EF8A21DBEE88B0084BAB9 /* 02_HelloVertex.app */ = {isa = PBXFileReference; explicitFileType = wrapper.application; includeInIndex = 0; path = 02_HelloVertex.app; sourceTree = BUILT_PRODUCTS_DIR; };
		E50EF8A61DBEE88B0084BAB9 /* main.m */ = {isa = PBXFileReference; lastKnownFileType = sourcecode.c.objc; path = main.m; sourceTree = "<group>"; };
		E50EF8A81DBEE88B0084BAB9 /* AppDelegate.h */ = {isa = PBXFileReference; lastKnownFileType = sourcecode.c.h; path = AppDelegate.h; sourceTree = "<group>"; };
		E50EF8A91DBEE88B0084BAB9 /* AppDelegate.m */ = {isa = PBXFileReference; lastKnownFileType = sourcecode.c.objc; path = AppDelegate.m; sourceTree = "<group>"; };
		E50EF8AB1DBEE88B0084BAB9 /* ViewController.h */ = {isa = PBXFileReference; lastKnownFileType = sourcecode.c.h; path = ViewController.h; sourceTree = "<group>"; };
		E50EF8AC1DBEE88B0084BAB9 /* ViewController.m */ = {isa = PBXFileReference; lastKnownFileType = sourcecode.c.objc; path = ViewController.m; sourceTree = "<group>"; };
		E50EF8AF1DBEE88B0084BAB9 /* Base */ = {isa = PBXFileReference; lastKnownFileType = file.storyboard; name = Base; path = Base.lproj/Main.storyboard; sourceTree = "<group>"; };
		E50EF8B11DBEE88B0084BAB9 /* Assets.xcassets */ = {isa = PBXFileReference; lastKnownFileType = folder.assetcatalog; path = Assets.xcassets; sourceTree = "<group>"; };
		E50EF8B41DBEE88B0084BAB9 /* Base */ = {isa = PBXFileReference; lastKnownFileType = file.storyboard; name = Base; path = Base.lproj/LaunchScreen.storyboard; sourceTree = "<group>"; };
		E50EF8B61DBEE88B0084BAB9 /* Info.plist */ = {isa = PBXFileReference; lastKnownFileType = text.plist.xml; path = Info.plist; sourceTree = "<group>"; };
/* End PBXFileReference section */

/* Begin PBXFrameworksBuildPhase section */
		E50EF89F1DBEE88B0084BAB9 /* Frameworks */ = {
			isa = PBXFrameworksBuildPhase;
			buildActionMask = 2147483647;
			files = (
			);
			runOnlyForDeploymentPostprocessing = 0;
		};
/* End PBXFrameworksBuildPhase section */

/* Begin PBXGroup section */
		E50EF8991DBEE88B0084BAB9 = {
			isa = PBXGroup;
			children = (
				E50EF8A41DBEE88B0084BAB9 /* 02_HelloVertex */,
				E50EF8A31DBEE88B0084BAB9 /* Products */,
			);
			sourceTree = "<group>";
		};
		E50EF8A31DBEE88B0084BAB9 /* Products */ = {
			isa = PBXGroup;
			children = (
				E50EF8A21DBEE88B0084BAB9 /* 02_HelloVertex.app */,
			);
			name = Products;
			sourceTree = "<group>";
		};
		E50EF8A41DBEE88B0084BAB9 /* 02_HelloVertex */ = {
			isa = PBXGroup;
			children = (
				E50EF8A81DBEE88B0084BAB9 /* AppDelegate.h */,
				E50EF8A91DBEE88B0084BAB9 /* AppDelegate.m */,
				E50EF8AB1DBEE88B0084BAB9 /* ViewController.h */,
				E50EF8AC1DBEE88B0084BAB9 /* ViewController.m */,
				E50EF8AE1DBEE88B0084BAB9 /* Main.storyboard */,
				E50EF8B11DBEE88B0084BAB9 /* Assets.xcassets */,
				E50EF8B31DBEE88B0084BAB9 /* LaunchScreen.storyboard */,
				E50EF8B61DBEE88B0084BAB9 /* Info.plist */,
				E50EF8A51DBEE88B0084BAB9 /* Supporting Files */,
			);
			path = 02_HelloVertex;
			sourceTree = "<group>";
		};
		E50EF8A51DBEE88B0084BAB9 /* Supporting Files */ = {
			isa = PBXGroup;
			children = (
				E50EF8A61DBEE88B0084BAB9 /* main.m */,
			);
			name = "Supporting Files";
			sourceTree = "<group>";
		};
/* End PBXGroup section */

/* Begin PBXNativeTarget section */
		E50EF8A11DBEE88B0084BAB9 /* 02_HelloVertex */ = {
			isa = PBXNativeTarget;
			buildConfigurationList = E50EF8B91DBEE88B0084BAB9 /* Build configuration list for PBXNativeTarget "02_HelloVertex" */;
			buildPhases = (
				E50EF89E1DBEE88B0084BAB9 /* Sources */,
				E50EF89F1DBEE88B0084BAB9 /* Frameworks */,
				E50EF8A01DBEE88B0084BAB9 /* Resources */,
			);
			buildRules = (
			);
			dependencies = (
			);
			name = 02_HelloVertex;
			productName = 02_HelloVertex;
			productReference = E50EF8A21DBEE88B0084BAB9 /* 02_HelloVertex.app */;
			productType = "com.apple.product-type.application";
		};
/* End PBXNativeTarget section */

/* Begin PBXProject section */
		E50EF89A1DBEE88B0084BAB9 /* Project object */ = {
			isa = PBXProject;
			attributes = {
				LastUpgradeCheck = 0800;
				ORGANIZATIONNAME = Asuna;
				TargetAttributes = {
					E50EF8A11DBEE88B0084BAB9 = {
						CreatedOnToolsVersion = 8.0;
						DevelopmentTeam = S9JWFV3FZ3;
						ProvisioningStyle = Automatic;
					};
				};
			};
			buildConfigurationList = E50EF89D1DBEE88B0084BAB9 /* Build configuration list for PBXProject "02_HelloVertex" */;
			compatibilityVersion = "Xcode 3.2";
			developmentRegion = English;
			hasScannedForEncodings = 0;
			knownRegions = (
				en,
				Base,
			);
			mainGroup = E50EF8991DBEE88B0084BAB9;
			productRefGroup = E50EF8A31DBEE88B0084BAB9 /* Products */;
			projectDirPath = "";
			projectRoot = "";
			targets = (
				E50EF8A11DBEE88B0084BAB9 /* 02_HelloVertex */,
			);
		};
/* End PBXProject section */

/* Begin PBXResourcesBuildPhase section */
		E50EF8A01DBEE88B0084BAB9 /* Resources */ = {
			isa = PBXResourcesBuildPhase;
			buildActionMask = 2147483647;
			files = (
				E50EF8B51DBEE88B0084BAB9 /* LaunchScreen.storyboard in Resources */,
				E50EF8B21DBEE88B0084BAB9 /* Assets.xcassets in Resources */,
				E50EF8B01DBEE88B0084BAB9 /* Main.storyboard in Resources */,
			);
			runOnlyForDeploymentPostprocessing = 0;
		};
/* End PBXResourcesBuildPhase section */

/* Begin PBXSourcesBuildPhase section */
		E50EF89E1DBEE88B0084BAB9 /* Sources */ = {
			isa = PBXSourcesBuildPhase;
			buildActionMask = 2147483647;
			files = (
				E50EF8AD1DBEE88B0084BAB9 /* ViewController.m in Sources */,
				E50EF8AA1DBEE88B0084BAB9 /* AppDelegate.m in Sources */,
				E50EF8A71DBEE88B0084BAB9 /* main.m in Sources */,
			);
			runOnlyForDeploymentPostprocessing = 0;
		};
/* End PBXSourcesBuildPhase section */

/* Begin PBXVariantGroup section */
		E50EF8AE1DBEE88B0084BAB9 /* Main.storyboard */ = {
			isa = PBXVariantGroup;
			children = (
				E50EF8AF1DBEE88B0084BAB9 /* Base */,
			);
			name = Main.storyboard;
			sourceTree = "<group>";
		};
		E50EF8B31DBEE88B0084BAB9 /* LaunchScreen.storyboard */ = {
			isa = PBXVariantGroup;
			children = (
				E50EF8B41DBEE88B0084BAB9 /* Base */,
			);
			name = LaunchScreen.storyboard;
			sourceTree = "<group>";
		};
/* End PBXVariantGroup section */

/* Begin XCBuildConfiguration section */
		E50EF8B71DBEE88B0084BAB9 /* Debug */ = {
			isa = XCBuildConfiguration;
			buildSettings = {
				ALWAYS_SEARCH_USER_PATHS = NO;
				CLANG_ANALYZER_NONNULL = YES;
				CLANG_CXX_LANGUAGE_STANDARD = "gnu++0x";
				CLANG_CXX_LIBRARY = "libc++";
				CLANG_ENABLE_MODULES = YES;
				CLANG_ENABLE_OBJC_ARC = YES;
				CLANG_WARN_BOOL_CONVERSION = YES;
				CLANG_WARN_CONSTANT_CONVERSION = YES;
				CLANG_WARN_DIRECT_OBJC_ISA_USAGE = YES_ERROR;
				CLANG_WARN_DOCUMENTATION_COMMENTS = YES;
				CLANG_WARN_EMPTY_BODY = YES;
				CLANG_WARN_ENUM_CONVERSION = YES;
				CLANG_WARN_INFINITE_RECURSION = YES;
				CLANG_WARN_INT_CONVERSION = YES;
				CLANG_WARN_OBJC_ROOT_CLASS = YES_ERROR;
				CLANG_WARN_SUSPICIOUS_MOVES = YES;
				CLANG_WARN_UNREACHABLE_CODE = YES;
				CLANG_WARN__DUPLICATE_METHOD_MATCH = YES;
				"CODE_SIGN_IDENTITY[sdk=iphoneos*]" = "iPhone Developer";
				COPY_PHASE_STRIP = NO;
				DEBUG_INFORMATION_FORMAT = dwarf;
				ENABLE_STRICT_OBJC_MSGSEND = YES;
				ENABLE_TESTABILITY = YES;
				GCC_C_LANGUAGE_STANDARD = gnu99;
				GCC_DYNAMIC_NO_PIC = NO;
				GCC_NO_COMMON_BLOCKS = YES;
				GCC_OPTIMIZATION_LEVEL = 0;
				GCC_PREPROCESSOR_DEFINITIONS = (
					"DEBUG=1",
					"$(inherited)",
				);
				GCC_WARN_64_TO_32_BIT_CONVERSION = YES;
				GCC_WARN_ABOUT_RETURN_TYPE = YES_ERROR;
				GCC_WARN_UNDECLARED_SELECTOR = YES;
				GCC_WARN_UNINITIALIZED_AUTOS = YES_AGGRESSIVE;
				GCC_WARN_UNUSED_FUNCTION = YES;
				GCC_WARN_UNUSED_VARIABLE = YES;
				IPHONEOS_DEPLOYMENT_TARGET = 10.0;
				MTL_ENABLE_DEBUG_INFO = YES;
				ONLY_ACTIVE_ARCH = YES;
				SDKROOT = iphoneos;
				TARGETED_DEVICE_FAMILY = "1,2";
			};
			name = Debug;
		};
		E50EF8B81DBEE88B0084BAB9 /* Release */ = {
			isa = XCBuildConfiguration;
			buildSettings = {
				ALWAYS_SEARCH_USER_PATHS = NO;
				CLANG_ANALYZER_NONNULL = YES;
				CLANG_CXX_LANGUAGE_STANDARD = "gnu++0x";
				CLANG_CXX_LIBRARY = "libc++";
				CLANG_ENABLE_MODULES = YES;
				CLANG_ENABLE_OBJC_ARC = YES;
				CLANG_WARN_BOOL_CONVERSION = YES;
				CLANG_WARN_CONSTANT_CONVERSION = YES;
				CLANG_WARN_DIRECT_OBJC_ISA_USAGE = YES_ERROR;
				CLANG_WARN_DOCUMENTATION_COMMENTS = YES;
				CLANG_WARN_EMPTY_BODY = YES;
				CLANG_WARN_ENUM_CONVERSION = YES;
				CLANG_WARN_INFINITE_RECURSION = YES;
				CLANG_WARN_INT_CONVERSION = YES;
				CLANG_WARN_OBJC_ROOT_CLASS = YES_ERROR;
				CLANG_WARN_SUSPICIOUS_MOVES = YES;
				CLANG_WARN_UNREACHABLE_CODE = YES;
				CLANG_WARN__DUPLICATE_METHOD_MATCH = YES;
				"CODE_SIGN_IDENTITY[sdk=iphoneos*]" = "iPhone Developer";
				COPY_PHASE_STRIP = NO;
				DEBUG_INFORMATION_FORMAT = "dwarf-with-dsym";
				ENABLE_NS_ASSERTIONS = NO;
				ENABLE_STRICT_OBJC_MSGSEND = YES;
				GCC_C_LANGUAGE_STANDARD = gnu99;
				GCC_NO_COMMON_BLOCKS = YES;
				GCC_WARN_64_TO_32_BIT_CONVERSION = YES;
				GCC_WARN_ABOUT_RETURN_TYPE = YES_ERROR;
				GCC_WARN_UNDECLARED_SELECTOR = YES;
				GCC_WARN_UNINITIALIZED_AUTOS = YES_AGGRESSIVE;
				GCC_WARN_UNUSED_FUNCTION = YES;
				GCC_WARN_UNUSED_VARIABLE = YES;
				IPHONEOS_DEPLOYMENT_TARGET = 10.0;
				MTL_ENABLE_DEBUG_INFO = NO;
				SDKROOT = iphoneos;
				TARGETED_DEVICE_FAMILY = "1,2";
				VALIDATE_PRODUCT = YES;
			};
			name = Release;
		};
		E50EF8BA1DBEE88B0084BAB9 /* Debug */ = {
			isa = XCBuildConfiguration;
			buildSettings = {
				ASSETCATALOG_COMPILER_APPICON_NAME = AppIcon;
				DEVELOPMENT_TEAM = S9JWFV3FZ3;
				INFOPLIST_FILE = 02_HelloVertex/Info.plist;
				LD_RUNPATH_SEARCH_PATHS = "$(inherited) @executable_path/Frameworks";
				PRODUCT_BUNDLE_IDENTIFIER = "XYZ.-2-HelloVertex";
				PRODUCT_NAME = "$(TARGET_NAME)";
			};
			name = Debug;
		};
		E50EF8BB1DBEE88B0084BAB9 /* Release */ = {
			isa = XCBuildConfiguration;
			buildSettings = {
				ASSETCATALOG_COMPILER_APPICON_NAME = AppIcon;
				DEVELOPMENT_TEAM = S9JWFV3FZ3;
				INFOPLIST_FILE = 02_HelloVertex/Info.plist;
				LD_RUNPATH_SEARCH_PATHS = "$(inherited) @executable_path/Frameworks";
				PRODUCT_BUNDLE_IDENTIFIER = "XYZ.-2-HelloVertex";
				PRODUCT_NAME = "$(TARGET_NAME)";
			};
			name = Release;
		};
/* End XCBuildConfiguration section */

/* Begin XCConfigurationList section */
		E50EF89D1DBEE88B0084BAB9 /* Build configuration list for PBXProject "02_HelloVertex" */ = {
			isa = XCConfigurationList;
			buildConfigurations = (
				E50EF8B71DBEE88B0084BAB9 /* Debug */,
				E50EF8B81DBEE88B0084BAB9 /* Release */,
			);
			defaultConfigurationIsVisible = 0;
			defaultConfigurationName = Release;
		};
		E50EF8B91DBEE88B0084BAB9 /* Build configuration list for PBXNativeTarget "02_HelloVertex" */ = {
			isa = XCConfigurationList;
			buildConfigurations = (
				E50EF8BA1DBEE88B0084BAB9 /* Debug */,
				E50EF8BB1DBEE88B0084BAB9 /* Release */,
			);
			defaultConfigurationIsVisible = 0;
		};
/* End XCConfigurationList section */
	};
	rootObject = E50EF89A1DBEE88B0084BAB9 /* Project object */;
}
